
Microsoft Visual Studio Solution File, Format Version 12.00
# Visual Studio Version 16
VisualStudioVersion = 16.0.31019.35
MinimumVisualStudioVersion = 10.0.40219.1
Project("{9A19103F-16F7-4668-BE54-9A1E7A4F7556}") = "PS4", "PS4\PS4.csproj", "{7FED8605-167D-4ECF-9149-3011DE37E283}"
EndProject
Global
	GlobalSection(SolutionConfigurationPlatforms) = preSolution
		Debug|Any CPU = Debug|Any CPU
		Release|Any CPU = Release|Any CPU
	EndGlobalSection
	GlobalSection(ProjectConfigurationPlatforms) = postSolution
		{7FED8605-167D-4ECF-9149-3011DE37E283}.Debug|Any CPU.ActiveCfg = Debug|Any CPU
		{7FED8605-167D-4ECF-9149-3011DE37E283}.Debug|Any CPU.Build.0 = Debug|Any CPU
		{7FED8605-167D-4ECF-9149-3011DE37E283}.Release|Any CPU.ActiveCfg = Release|Any CPU
		{7FED8605-167D-4ECF-9149-3011DE37E283}.Release|Any CPU.Build.0 = Release|Any CPU
	EndGlobalSection
	GlobalSection(SolutionProperties) = preSolution
		HideSolutionNode = FALSE
	EndGlobalSection
	GlobalSection(ExtensibilityGlobals) = postSolution
		SolutionGuid = {05098EA3-C979-4DF2-AA9C-423A9C5D763C}
	EndGlobalSection
EndGlobal
