
Microsoft Visual Studio Solution File, Format Version 12.00
# Visual Studio Version 16
VisualStudioVersion = 16.0.31005.135
MinimumVisualStudioVersion = 10.0.40219.1
Project("{9A19103F-16F7-4668-BE54-9A1E7A4F7556}") = "PS1", "PS1\PS1.csproj", "{A49368CB-5179-430E-90AE-F9DD1030A43A}"
EndProject
Global
	GlobalSection(SolutionConfigurationPlatforms) = preSolution
		Debug|Any CPU = Debug|Any CPU
		Release|Any CPU = Release|Any CPU
	EndGlobalSection
	GlobalSection(ProjectConfigurationPlatforms) = postSolution
		{A49368CB-5179-430E-90AE-F9DD1030A43A}.Debug|Any CPU.ActiveCfg = Debug|Any CPU
		{A49368CB-5179-430E-90AE-F9DD1030A43A}.Debug|Any CPU.Build.0 = Debug|Any CPU
		{A49368CB-5179-430E-90AE-F9DD1030A43A}.Release|Any CPU.ActiveCfg = Release|Any CPU
		{A49368CB-5179-430E-90AE-F9DD1030A43A}.Release|Any CPU.Build.0 = Release|Any CPU
	EndGlobalSection
	GlobalSection(SolutionProperties) = preSolution
		HideSolutionNode = FALSE
	EndGlobalSection
	GlobalSection(ExtensibilityGlobals) = postSolution
		SolutionGuid = {5A68743E-EA9A-45DC-BDE2-047324F8373D}
	EndGlobalSection
EndGlobal
